// !$*UTF8*$!
{
	archiveVersion = 1;
	classes = {
	};
	objectVersion = 55;
	objects = {

/* Begin PBXBuildFile section */
		7884C7ED273BC04C00B32231 /* AppDelegate.swift in Sources */ = {isa = PBXBuildFile; fileRef = 7884C7EC273BC04C00B32231 /* AppDelegate.swift */; };
		7884C7EF273BC04C00B32231 /* SceneDelegate.swift in Sources */ = {isa = PBXBuildFile; fileRef = 7884C7EE273BC04C00B32231 /* SceneDelegate.swift */; };
		7884C7F4273BC04C00B32231 /* Main.storyboard in Resources */ = {isa = PBXBuildFile; fileRef = 7884C7F2273BC04C00B32231 /* Main.storyboard */; };
		7884C7F6273BC04E00B32231 /* Assets.xcassets in Resources */ = {isa = PBXBuildFile; fileRef = 7884C7F5273BC04E00B32231 /* Assets.xcassets */; };
		7884C7F9273BC04E00B32231 /* LaunchScreen.storyboard in Resources */ = {isa = PBXBuildFile; fileRef = 7884C7F7273BC04E00B32231 /* LaunchScreen.storyboard */; };
		7884C801273BCB8D00B32231 /* Person.swift in Sources */ = {isa = PBXBuildFile; fileRef = 7884C800273BCB8D00B32231 /* Person.swift */; };
		7884C804273BCBC000B32231 /* DataManager.swift in Sources */ = {isa = PBXBuildFile; fileRef = 7884C803273BCBC000B32231 /* DataManager.swift */; };
		7884C806273BF67800B32231 /* PersonsViewController.swift in Sources */ = {isa = PBXBuildFile; fileRef = 7884C805273BF67800B32231 /* PersonsViewController.swift */; };
		7884C80C273C18FA00B32231 /* PersonDetailsViewController.swift in Sources */ = {isa = PBXBuildFile; fileRef = 7884C80B273C18FA00B32231 /* PersonDetailsViewController.swift */; };
		7884C80E273C286200B32231 /* SectionPersonDetailsViewController.swift in Sources */ = {isa = PBXBuildFile; fileRef = 7884C80D273C286200B32231 /* SectionPersonDetailsViewController.swift */; };
		7884C812273C2FD000B32231 /* TabBarController.swift in Sources */ = {isa = PBXBuildFile; fileRef = 7884C811273C2FD000B32231 /* TabBarController.swift */; };
/* End PBXBuildFile section */

/* Begin PBXFileReference section */
		7884C7E9273BC04C00B32231 /* Kontush_HW2.7(Contacts).app */ = {isa = PBXFileReference; explicitFileType = wrapper.application; includeInIndex = 0; path = "Kontush_HW2.7(Contacts).app"; sourceTree = BUILT_PRODUCTS_DIR; };
		7884C7EC273BC04C00B32231 /* AppDelegate.swift */ = {isa = PBXFileReference; lastKnownFileType = sourcecode.swift; path = AppDelegate.swift; sourceTree = "<group>"; };
		7884C7EE273BC04C00B32231 /* SceneDelegate.swift */ = {isa = PBXFileReference; lastKnownFileType = sourcecode.swift; path = SceneDelegate.swift; sourceTree = "<group>"; };
		7884C7F3273BC04C00B32231 /* Base */ = {isa = PBXFileReference; lastKnownFileType = file.storyboard; name = Base; path = Base.lproj/Main.storyboard; sourceTree = "<group>"; };
		7884C7F5273BC04E00B32231 /* Assets.xcassets */ = {isa = PBXFileReference; lastKnownFileType = folder.assetcatalog; path = Assets.xcassets; sourceTree = "<group>"; };
		7884C7F8273BC04E00B32231 /* Base */ = {isa = PBXFileReference; lastKnownFileType = file.storyboard; name = Base; path = Base.lproj/LaunchScreen.storyboard; sourceTree = "<group>"; };
		7884C7FA273BC04E00B32231 /* Info.plist */ = {isa = PBXFileReference; lastKnownFileType = text.plist.xml; path = Info.plist; sourceTree = "<group>"; };
		7884C800273BCB8D00B32231 /* Person.swift */ = {isa = PBXFileReference; lastKnownFileType = sourcecode.swift; path = Person.swift; sourceTree = "<group>"; };
		7884C803273BCBC000B32231 /* DataManager.swift */ = {isa = PBXFileReference; lastKnownFileType = sourcecode.swift; path = DataManager.swift; sourceTree = "<group>"; };
		7884C805273BF67800B32231 /* PersonsViewController.swift */ = {isa = PBXFileReference; lastKnownFileType = sourcecode.swift; path = PersonsViewController.swift; sourceTree = "<group>"; };
		7884C80B273C18FA00B32231 /* PersonDetailsViewController.swift */ = {isa = PBXFileReference; lastKnownFileType = sourcecode.swift; path = PersonDetailsViewController.swift; sourceTree = "<group>"; };
		7884C80D273C286200B32231 /* SectionPersonDetailsViewController.swift */ = {isa = PBXFileReference; lastKnownFileType = sourcecode.swift; path = SectionPersonDetailsViewController.swift; sourceTree = "<group>"; };
		7884C811273C2FD000B32231 /* TabBarController.swift */ = {isa = PBXFileReference; lastKnownFileType = sourcecode.swift; path = TabBarController.swift; sourceTree = "<group>"; };
/* End PBXFileReference section */

/* Begin PBXFrameworksBuildPhase section */
		7884C7E6273BC04C00B32231 /* Frameworks */ = {
			isa = PBXFrameworksBuildPhase;
			buildActionMask = 2147483647;
			files = (
			);
			runOnlyForDeploymentPostprocessing = 0;
		};
/* End PBXFrameworksBuildPhase section */

/* Begin PBXGroup section */
		7884C7E0273BC04C00B32231 = {
			isa = PBXGroup;
			children = (
				7884C7EB273BC04C00B32231 /* Kontush_HW2.7(Contacts) */,
				7884C7EA273BC04C00B32231 /* Products */,
			);
			sourceTree = "<group>";
		};
		7884C7EA273BC04C00B32231 /* Products */ = {
			isa = PBXGroup;
			children = (
				7884C7E9273BC04C00B32231 /* Kontush_HW2.7(Contacts).app */,
			);
			name = Products;
			sourceTree = "<group>";
		};
		7884C7EB273BC04C00B32231 /* Kontush_HW2.7(Contacts) */ = {
			isa = PBXGroup;
			children = (
				7884C814273C655B00B32231 /* Views */,
				7884C815273C658300B32231 /* Delegates */,
				7884C802273BCB9300B32231 /* Models */,
				7884C7F5273BC04E00B32231 /* Assets.xcassets */,
				7884C7F7273BC04E00B32231 /* LaunchScreen.storyboard */,
				7884C7F2273BC04C00B32231 /* Main.storyboard */,
				7884C7FA273BC04E00B32231 /* Info.plist */,
				7884C813273C653F00B32231 /* Managers */,
			);
			path = "Kontush_HW2.7(Contacts)";
			sourceTree = "<group>";
		};
		7884C802273BCB9300B32231 /* Models */ = {
			isa = PBXGroup;
			children = (
				7884C800273BCB8D00B32231 /* Person.swift */,
			);
			path = Models;
			sourceTree = "<group>";
		};
		7884C813273C653F00B32231 /* Managers */ = {
			isa = PBXGroup;
			children = (
				7884C803273BCBC000B32231 /* DataManager.swift */,
			);
			path = Managers;
			sourceTree = "<group>";
		};
		7884C814273C655B00B32231 /* Views */ = {
			isa = PBXGroup;
			children = (
				7884C805273BF67800B32231 /* PersonsViewController.swift */,
				7884C811273C2FD000B32231 /* TabBarController.swift */,
				7884C80D273C286200B32231 /* SectionPersonDetailsViewController.swift */,
				7884C80B273C18FA00B32231 /* PersonDetailsViewController.swift */,
			);
			path = Views;
			sourceTree = "<group>";
		};
		7884C815273C658300B32231 /* Delegates */ = {
			isa = PBXGroup;
			children = (
				7884C7EC273BC04C00B32231 /* AppDelegate.swift */,
				7884C7EE273BC04C00B32231 /* SceneDelegate.swift */,
			);
			path = Delegates;
			sourceTree = "<group>";
		};
/* End PBXGroup section */

/* Begin PBXNativeTarget section */
		7884C7E8273BC04C00B32231 /* Kontush_HW2.7(Contacts) */ = {
			isa = PBXNativeTarget;
			buildConfigurationList = 7884C7FD273BC04E00B32231 /* Build configuration list for PBXNativeTarget "Kontush_HW2.7(Contacts)" */;
			buildPhases = (
				7884C7E5273BC04C00B32231 /* Sources */,
				7884C7E6273BC04C00B32231 /* Frameworks */,
				7884C7E7273BC04C00B32231 /* Resources */,
			);
			buildRules = (
			);
			dependencies = (
			);
			name = "Kontush_HW2.7(Contacts)";
			productName = "Kontush_HW2.7(Contacts)";
			productReference = 7884C7E9273BC04C00B32231 /* Kontush_HW2.7(Contacts).app */;
			productType = "com.apple.product-type.application";
		};
/* End PBXNativeTarget section */

/* Begin PBXProject section */
		7884C7E1273BC04C00B32231 /* Project object */ = {
			isa = PBXProject;
			attributes = {
				BuildIndependentTargetsInParallel = 1;
				LastSwiftUpdateCheck = 1300;
				LastUpgradeCheck = 1300;
				TargetAttributes = {
					7884C7E8273BC04C00B32231 = {
						CreatedOnToolsVersion = 13.0;
					};
				};
			};
			buildConfigurationList = 7884C7E4273BC04C00B32231 /* Build configuration list for PBXProject "Kontush_HW2.7(Contacts)" */;
			compatibilityVersion = "Xcode 13.0";
			developmentRegion = en;
			hasScannedForEncodings = 0;
			knownRegions = (
				en,
				Base,
			);
			mainGroup = 7884C7E0273BC04C00B32231;
			productRefGroup = 7884C7EA273BC04C00B32231 /* Products */;
			projectDirPath = "";
			projectRoot = "";
			targets = (
				7884C7E8273BC04C00B32231 /* Kontush_HW2.7(Contacts) */,
			);
		};
/* End PBXProject section */

/* Begin PBXResourcesBuildPhase section */
		7884C7E7273BC04C00B32231 /* Resources */ = {
			isa = PBXResourcesBuildPhase;
			buildActionMask = 2147483647;
			files = (
				7884C7F9273BC04E00B32231 /* LaunchScreen.storyboard in Resources */,
				7884C7F6273BC04E00B32231 /* Assets.xcassets in Resources */,
				7884C7F4273BC04C00B32231 /* Main.storyboard in Resources */,
			);
			runOnlyForDeploymentPostprocessing = 0;
		};
/* End PBXResourcesBuildPhase section */

/* Begin PBXSourcesBuildPhase section */
		7884C7E5273BC04C00B32231 /* Sources */ = {
			isa = PBXSourcesBuildPhase;
			buildActionMask = 2147483647;
			files = (
				7884C804273BCBC000B32231 /* DataManager.swift in Sources */,
				7884C7ED273BC04C00B32231 /* AppDelegate.swift in Sources */,
				7884C812273C2FD000B32231 /* TabBarController.swift in Sources */,
				7884C801273BCB8D00B32231 /* Person.swift in Sources */,
				7884C80E273C286200B32231 /* SectionPersonDetailsViewController.swift in Sources */,
				7884C806273BF67800B32231 /* PersonsViewController.swift in Sources */,
				7884C7EF273BC04C00B32231 /* SceneDelegate.swift in Sources */,
				7884C80C273C18FA00B32231 /* PersonDetailsViewController.swift in Sources */,
			);
			runOnlyForDeploymentPostprocessing = 0;
		};
/* End PBXSourcesBuildPhase section */

/* Begin PBXVariantGroup section */
		7884C7F2273BC04C00B32231 /* Main.storyboard */ = {
			isa = PBXVariantGroup;
			children = (
				7884C7F3273BC04C00B32231 /* Base */,
			);
			name = Main.storyboard;
			sourceTree = "<group>";
		};
		7884C7F7273BC04E00B32231 /* LaunchScreen.storyboard */ = {
			isa = PBXVariantGroup;
			children = (
				7884C7F8273BC04E00B32231 /* Base */,
			);
			name = LaunchScreen.storyboard;
			sourceTree = "<group>";
		};
/* End PBXVariantGroup section */

/* Begin XCBuildConfiguration section */
		7884C7FB273BC04E00B32231 /* Debug */ = {
			isa = XCBuildConfiguration;
			buildSettings = {
				ALWAYS_SEARCH_USER_PATHS = NO;
				CLANG_ANALYZER_NONNULL = YES;
				CLANG_ANALYZER_NUMBER_OBJECT_CONVERSION = YES_AGGRESSIVE;
				CLANG_CXX_LANGUAGE_STANDARD = "gnu++17";
				CLANG_CXX_LIBRARY = "libc++";
				CLANG_ENABLE_MODULES = YES;
				CLANG_ENABLE_OBJC_ARC = YES;
				CLANG_ENABLE_OBJC_WEAK = YES;
				CLANG_WARN_BLOCK_CAPTURE_AUTORELEASING = YES;
				CLANG_WARN_BOOL_CONVERSION = YES;
				CLANG_WARN_COMMA = YES;
				CLANG_WARN_CONSTANT_CONVERSION = YES;
				CLANG_WARN_DEPRECATED_OBJC_IMPLEMENTATIONS = YES;
				CLANG_WARN_DIRECT_OBJC_ISA_USAGE = YES_ERROR;
				CLANG_WARN_DOCUMENTATION_COMMENTS = YES;
				CLANG_WARN_EMPTY_BODY = YES;
				CLANG_WARN_ENUM_CONVERSION = YES;
				CLANG_WARN_INFINITE_RECURSION = YES;
				CLANG_WARN_INT_CONVERSION = YES;
				CLANG_WARN_NON_LITERAL_NULL_CONVERSION = YES;
				CLANG_WARN_OBJC_IMPLICIT_RETAIN_SELF = YES;
				CLANG_WARN_OBJC_LITERAL_CONVERSION = YES;
				CLANG_WARN_OBJC_ROOT_CLASS = YES_ERROR;
				CLANG_WARN_QUOTED_INCLUDE_IN_FRAMEWORK_HEADER = YES;
				CLANG_WARN_RANGE_LOOP_ANALYSIS = YES;
				CLANG_WARN_STRICT_PROTOTYPES = YES;
				CLANG_WARN_SUSPICIOUS_MOVE = YES;
				CLANG_WARN_UNGUARDED_AVAILABILITY = YES_AGGRESSIVE;
				CLANG_WARN_UNREACHABLE_CODE = YES;
				CLANG_WARN__DUPLICATE_METHOD_MATCH = YES;
				COPY_PHASE_STRIP = NO;
				DEBUG_INFORMATION_FORMAT = dwarf;
				ENABLE_STRICT_OBJC_MSGSEND = YES;
				ENABLE_TESTABILITY = YES;
				GCC_C_LANGUAGE_STANDARD = gnu11;
				GCC_DYNAMIC_NO_PIC = NO;
				GCC_NO_COMMON_BLOCKS = YES;
				GCC_OPTIMIZATION_LEVEL = 0;
				GCC_PREPROCESSOR_DEFINITIONS = (
					"DEBUG=1",
					"$(inherited)",
				);
				GCC_WARN_64_TO_32_BIT_CONVERSION = YES;
				GCC_WARN_ABOUT_RETURN_TYPE = YES_ERROR;
				GCC_WARN_UNDECLARED_SELECTOR = YES;
				GCC_WARN_UNINITIALIZED_AUTOS = YES_AGGRESSIVE;
				GCC_WARN_UNUSED_FUNCTION = YES;
				GCC_WARN_UNUSED_VARIABLE = YES;
				IPHONEOS_DEPLOYMENT_TARGET = 15.0;
				MTL_ENABLE_DEBUG_INFO = INCLUDE_SOURCE;
				MTL_FAST_MATH = YES;
				ONLY_ACTIVE_ARCH = YES;
				SDKROOT = iphoneos;
				SWIFT_ACTIVE_COMPILATION_CONDITIONS = DEBUG;
				SWIFT_OPTIMIZATION_LEVEL = "-Onone";
			};
			name = Debug;
		};
		7884C7FC273BC04E00B32231 /* Release */ = {
			isa = XCBuildConfiguration;
			buildSettings = {
				ALWAYS_SEARCH_USER_PATHS = NO;
				CLANG_ANALYZER_NONNULL = YES;
				CLANG_ANALYZER_NUMBER_OBJECT_CONVERSION = YES_AGGRESSIVE;
				CLANG_CXX_LANGUAGE_STANDARD = "gnu++17";
				CLANG_CXX_LIBRARY = "libc++";
				CLANG_ENABLE_MODULES = YES;
				CLANG_ENABLE_OBJC_ARC = YES;
				CLANG_ENABLE_OBJC_WEAK = YES;
				CLANG_WARN_BLOCK_CAPTURE_AUTORELEASING = YES;
				CLANG_WARN_BOOL_CONVERSION = YES;
				CLANG_WARN_COMMA = YES;
				CLANG_WARN_CONSTANT_CONVERSION = YES;
				CLANG_WARN_DEPRECATED_OBJC_IMPLEMENTATIONS = YES;
				CLANG_WARN_DIRECT_OBJC_ISA_USAGE = YES_ERROR;
				CLANG_WARN_DOCUMENTATION_COMMENTS = YES;
				CLANG_WARN_EMPTY_BODY = YES;
				CLANG_WARN_ENUM_CONVERSION = YES;
				CLANG_WARN_INFINITE_RECURSION = YES;
				CLANG_WARN_INT_CONVERSION = YES;
				CLANG_WARN_NON_LITERAL_NULL_CONVERSION = YES;
				CLANG_WARN_OBJC_IMPLICIT_RETAIN_SELF = YES;
				CLANG_WARN_OBJC_LITERAL_CONVERSION = YES;
				CLANG_WARN_OBJC_ROOT_CLASS = YES_ERROR;
				CLANG_WARN_QUOTED_INCLUDE_IN_FRAMEWORK_HEADER = YES;
				CLANG_WARN_RANGE_LOOP_ANALYSIS = YES;
				CLANG_WARN_STRICT_PROTOTYPES = YES;
				CLANG_WARN_SUSPICIOUS_MOVE = YES;
				CLANG_WARN_UNGUARDED_AVAILABILITY = YES_AGGRESSIVE;
				CLANG_WARN_UNREACHABLE_CODE = YES;
				CLANG_WARN__DUPLICATE_METHOD_MATCH = YES;
				COPY_PHASE_STRIP = NO;
				DEBUG_INFORMATION_FORMAT = "dwarf-with-dsym";
				ENABLE_NS_ASSERTIONS = NO;
				ENABLE_STRICT_OBJC_MSGSEND = YES;
				GCC_C_LANGUAGE_STANDARD = gnu11;
				GCC_NO_COMMON_BLOCKS = YES;
				GCC_WARN_64_TO_32_BIT_CONVERSION = YES;
				GCC_WARN_ABOUT_RETURN_TYPE = YES_ERROR;
				GCC_WARN_UNDECLARED_SELECTOR = YES;
				GCC_WARN_UNINITIALIZED_AUTOS = YES_AGGRESSIVE;
				GCC_WARN_UNUSED_FUNCTION = YES;
				GCC_WARN_UNUSED_VARIABLE = YES;
				IPHONEOS_DEPLOYMENT_TARGET = 15.0;
				MTL_ENABLE_DEBUG_INFO = NO;
				MTL_FAST_MATH = YES;
				SDKROOT = iphoneos;
				SWIFT_COMPILATION_MODE = wholemodule;
				SWIFT_OPTIMIZATION_LEVEL = "-O";
				VALIDATE_PRODUCT = YES;
			};
			name = Release;
		};
		7884C7FE273BC04E00B32231 /* Debug */ = {
			isa = XCBuildConfiguration;
			buildSettings = {
				ASSETCATALOG_COMPILER_APPICON_NAME = AppIcon;
				ASSETCATALOG_COMPILER_GLOBAL_ACCENT_COLOR_NAME = AccentColor;
				CODE_SIGN_STYLE = Automatic;
				CURRENT_PROJECT_VERSION = 1;
				DEVELOPMENT_TEAM = PDS68G6M6D;
				GENERATE_INFOPLIST_FILE = YES;
				INFOPLIST_FILE = "Kontush_HW2.7(Contacts)/Info.plist";
				INFOPLIST_KEY_UIApplicationSupportsIndirectInputEvents = YES;
				INFOPLIST_KEY_UILaunchStoryboardName = LaunchScreen;
				INFOPLIST_KEY_UIMainStoryboardFile = Main;
				INFOPLIST_KEY_UISupportedInterfaceOrientations = UIInterfaceOrientationPortrait;
				INFOPLIST_KEY_UISupportedInterfaceOrientations_iPad = "UIInterfaceOrientationPortrait UIInterfaceOrientationPortraitUpsideDown UIInterfaceOrientationLandscapeLeft UIInterfaceOrientationLandscapeRight";
				INFOPLIST_KEY_UISupportedInterfaceOrientations_iPhone = "UIInterfaceOrientationPortrait UIInterfaceOrientationLandscapeLeft UIInterfaceOrientationLandscapeRight";
				LD_RUNPATH_SEARCH_PATHS = (
					"$(inherited)",
					"@executable_path/Frameworks",
				);
				MARKETING_VERSION = 1.0;
				PRODUCT_BUNDLE_IDENTIFIER = "Vadim.Kontush-HW2-7-Contacts-";
				PRODUCT_NAME = "$(TARGET_NAME)";
				SWIFT_EMIT_LOC_STRINGS = YES;
				SWIFT_VERSION = 5.0;
				TARGETED_DEVICE_FAMILY = 1;
			};
			name = Debug;
		};
		7884C7FF273BC04E00B32231 /* Release */ = {
			isa = XCBuildConfiguration;
			buildSettings = {
				ASSETCATALOG_COMPILER_APPICON_NAME = AppIcon;
				ASSETCATALOG_COMPILER_GLOBAL_ACCENT_COLOR_NAME = AccentColor;
				CODE_SIGN_STYLE = Automatic;
				CURRENT_PROJECT_VERSION = 1;
				DEVELOPMENT_TEAM = PDS68G6M6D;
				GENERATE_INFOPLIST_FILE = YES;
				INFOPLIST_FILE = "Kontush_HW2.7(Contacts)/Info.plist";
				INFOPLIST_KEY_UIApplicationSupportsIndirectInputEvents = YES;
				INFOPLIST_KEY_UILaunchStoryboardName = LaunchScreen;
				INFOPLIST_KEY_UIMainStoryboardFile = Main;
				INFOPLIST_KEY_UISupportedInterfaceOrientations = UIInterfaceOrientationPortrait;
				INFOPLIST_KEY_UISupportedInterfaceOrientations_iPad = "UIInterfaceOrientationPortrait UIInterfaceOrientationPortraitUpsideDown UIInterfaceOrientationLandscapeLeft UIInterfaceOrientationLandscapeRight";
				INFOPLIST_KEY_UISupportedInterfaceOrientations_iPhone = "UIInterfaceOrientationPortrait UIInterfaceOrientationLandscapeLeft UIInterfaceOrientationLandscapeRight";
				LD_RUNPATH_SEARCH_PATHS = (
					"$(inherited)",
					"@executable_path/Frameworks",
				);
				MARKETING_VERSION = 1.0;
				PRODUCT_BUNDLE_IDENTIFIER = "Vadim.Kontush-HW2-7-Contacts-";
				PRODUCT_NAME = "$(TARGET_NAME)";
				SWIFT_EMIT_LOC_STRINGS = YES;
				SWIFT_VERSION = 5.0;
				TARGETED_DEVICE_FAMILY = 1;
			};
			name = Release;
		};
/* End XCBuildConfiguration section */

/* Begin XCConfigurationList section */
		7884C7E4273BC04C00B32231 /* Build configuration list for PBXProject "Kontush_HW2.7(Contacts)" */ = {
			isa = XCConfigurationList;
			buildConfigurations = (
				7884C7FB273BC04E00B32231 /* Debug */,
				7884C7FC273BC04E00B32231 /* Release */,
			);
			defaultConfigurationIsVisible = 0;
			defaultConfigurationName = Release;
		};
		7884C7FD273BC04E00B32231 /* Build configuration list for PBXNativeTarget "Kontush_HW2.7(Contacts)" */ = {
			isa = XCConfigurationList;
			buildConfigurations = (
				7884C7FE273BC04E00B32231 /* Debug */,
				7884C7FF273BC04E00B32231 /* Release */,
			);
			defaultConfigurationIsVisible = 0;
			defaultConfigurationName = Release;
		};
/* End XCConfigurationList section */
	};
	rootObject = 7884C7E1273BC04C00B32231 /* Project object */;
}
